github.com/gorilla/mux v1.8.1 h1:TuBL49tXwgrFYWhqrNgrUNEY92u81SPhu7sTdzQEiWY=
github.com/gorilla/mux v1.8.1/go.mod h1:AKf9I4AEqPTmMytcMc0KkNouC66V3BtZ4qD5fmWSiMQ=
github.com/pushkar-anand/build-with-go v0.0.10 h1:F2lL3pB6Tuq9e/V5H6a86kQHd/i2Ah/AtHwDLijnNzE=
github.com/pushkar-anand/build-with-go v0.0.10/go.mod h1:J3gGL0o8Bj8kj7OReqzaqpuRPQ4/iQah/J1iBLQRucE=
